{
  "nodes": {
    "cue": {
      "inputs": {
        "fenix": "fenix",
        "flake-utils": "flake-utils",
        "nixpkgs": "nixpkgs"
      },
      "locked": {
        "lastModified": 1782916376,
        "narHash": "sha256-hreqjneXoueDKeSngoI9B4yA0hLne/Jl9lqQYfcpDAo=",
        "owner": "palekiwi-labs",
        "repo": "cue",
        "rev": "757169db64067b372545041ace5e1b7e7e54490b",
        "type": "github"
      },
      "original": {
        "owner": "palekiwi-labs",
        "repo": "cue",
        "type": "github"
      }
    },
    "cue-plugins": {
      "inputs": {
        "cue": "cue_2",
        "flake-utils": "flake-utils_2",
        "nixpkgs": "nixpkgs_2"
      },
      "locked": {
        "lastModified": 1782664712,
        "narHash": "sha256-WUp4jDBiofmYPUXq2F13yNlClomLeBExy0wUj2VtNlQ=",
        "owner": "palekiwi-labs",
        "repo": "cue-plugins",
        "rev": "8555572b1b1a9ba3775f011e227b0723e9a7f9ba",
        "type": "github"
      },
      "original": {
        "owner": "palekiwi-labs",
        "repo": "cue-plugins",
        "type": "github"
      }
    },
    "cue_2": {
      "inputs": {
        "fenix": "fenix_2",
        "flake-utils": [
          "cue-plugins",
          "flake-utils"
        ],
        "nixpkgs": [
          "cue-plugins",
          "nixpkgs"
        ]
      },
      "locked": {
        "lastModified": 1782656305,
        "narHash": "sha256-dQmJAHMkcJKor06AV6smab1QueHlN17NjrymFNCpzvo=",
        "owner": "palekiwi-labs",
        "repo": "cue",
        "rev": "325b779328028042876cc2882b66c5cf6ed2e421",
        "type": "github"
      },
      "original": {
        "owner": "palekiwi-labs",
        "repo": "cue",
        "type": "github"
      }
    },
    "fenix": {
      "inputs": {
        "nixpkgs": [
          "cue",
          "nixpkgs"
        ],
        "rust-analyzer-src": "rust-analyzer-src"
      },
      "locked": {
        "lastModified": 1781527054,
        "narHash": "sha256-1fX9ev2Fh5QoKQ41G9dYutjo5j/jywu6tZse5Eb1Ck4=",
        "owner": "nix-community",
        "repo": "fenix",
        "rev": "8c2e51dffefc040a21975da7abf6f252c8c9b783",
        "type": "github"
      },
      "original": {
        "owner": "nix-community",
        "repo": "fenix",
        "type": "github"
      }
    },
    "fenix_2": {
      "inputs": {
        "nixpkgs": [
          "cue-plugins",
          "cue",
          "nixpkgs"
        ],
        "rust-analyzer-src": "rust-analyzer-src_2"
      },
      "locked": {
        "lastModified": 1781527054,
        "narHash": "sha256-1fX9ev2Fh5QoKQ41G9dYutjo5j/jywu6tZse5Eb1Ck4=",
        "owner": "nix-community",
        "repo": "fenix",
        "rev": "8c2e51dffefc040a21975da7abf6f252c8c9b783",
        "type": "github"
      },
      "original": {
        "owner": "nix-community",
        "repo": "fenix",
        "type": "github"
      }
    },
    "flake-utils": {
      "inputs": {
        "systems": "systems"
      },
      "locked": {
        "lastModified": 1731533236,
        "narHash": "sha256-l0KFg5HjrsfsO/JpG+r7fRrqm12kzFHyUHqHCVpMMbI=",
        "owner": "numtide",
        "repo": "flake-utils",
        "rev": "11707dc2f618dd54ca8739b309ec4fc024de578b",
        "type": "github"
      },
      "original": {
        "owner": "numtide",
        "repo": "flake-utils",
        "type": "github"
      }
    },
    "flake-utils_2": {
      "inputs": {
        "systems": "systems_2"
      },
      "locked": {
        "lastModified": 1731533236,
        "narHash": "sha256-l0KFg5HjrsfsO/JpG+r7fRrqm12kzFHyUHqHCVpMMbI=",
        "owner": "numtide",
        "repo": "flake-utils",
        "rev": "11707dc2f618dd54ca8739b309ec4fc024de578b",
        "type": "github"
      },
      "original": {
        "owner": "numtide",
        "repo": "flake-utils",
        "type": "github"
      }
    },
    "flake-utils_3": {
      "inputs": {
        "systems": "systems_3"
      },
      "locked": {
        "lastModified": 1731533236,
        "narHash": "sha256-l0KFg5HjrsfsO/JpG+r7fRrqm12kzFHyUHqHCVpMMbI=",
        "owner": "numtide",
        "repo": "flake-utils",
        "rev": "11707dc2f618dd54ca8739b309ec4fc024de578b",
        "type": "github"
      },
      "original": {
        "owner": "numtide",
        "repo": "flake-utils",
        "type": "github"
      }
    },
    "nixpkgs": {
      "locked": {
        "lastModified": 1781074563,
        "narHash": "sha256-md8WlXOlfnIeHeOScMTTHFyf2d6iaTwPl2apR5EQ3P4=",
        "owner": "NixOS",
        "repo": "nixpkgs",
        "rev": "9ae611a455b90cf061d8f332b977e387bda8e1ca",
        "type": "github"
      },
      "original": {
        "owner": "NixOS",
        "ref": "nixos-unstable",
        "repo": "nixpkgs",
        "type": "github"
      }
    },
    "nixpkgs_2": {
      "locked": {
        "lastModified": 1782467914,
        "narHash": "sha256-pGvFkM8N0xEkIIXDe5YYfbEAvHrk4IxBrjB/x8OomhE=",
        "owner": "NixOS",
        "repo": "nixpkgs",
        "rev": "e73de5be04e0eff4190a1432b946d469c794e7b4",
        "type": "github"
      },
      "original": {
        "owner": "NixOS",
        "ref": "nixos-unstable",
        "repo": "nixpkgs",
        "type": "github"
      }
    },
    "nixpkgs_3": {
      "locked": {
        "lastModified": 1783279667,
        "narHash": "sha256-/NAkDSsve+GNM0Bt6tleJdCGfsTlK89nPjkVOzZMo0s=",
        "owner": "NixOS",
        "repo": "nixpkgs",
        "rev": "f205b5574fd0cb7da5b702a2da51507b7f4fdd1b",
        "type": "github"
      },
      "original": {
        "owner": "NixOS",
        "ref": "nixpkgs-unstable",
        "repo": "nixpkgs",
        "type": "github"
      }
    },
    "root": {
      "inputs": {
        "cue": "cue",
        "cue-plugins": "cue-plugins",
        "flake-utils": "flake-utils_3",
        "nixpkgs": "nixpkgs_3"
      }
    },
    "rust-analyzer-src": {
      "flake": false,
      "locked": {
        "lastModified": 1781453968,
        "narHash": "sha256-+V3nK4pCngbmgyVGXY6Kkrlevp4ocPkJJLf2aqwkDNA=",
        "owner": "rust-lang",
        "repo": "rust-analyzer",
        "rev": "cc272809a173c2c11d0e479d639c811c1eacf049",
        "type": "github"
      },
      "original": {
        "owner": "rust-lang",
        "ref": "nightly",
        "repo": "rust-analyzer",
        "type": "github"
      }
    },
    "rust-analyzer-src_2": {
      "flake": false,
      "locked": {
        "lastModified": 1781453968,
        "narHash": "sha256-+V3nK4pCngbmgyVGXY6Kkrlevp4ocPkJJLf2aqwkDNA=",
        "owner": "rust-lang",
        "repo": "rust-analyzer",
        "rev": "cc272809a173c2c11d0e479d639c811c1eacf049",
        "type": "github"
      },
      "original": {
        "owner": "rust-lang",
        "ref": "nightly",
        "repo": "rust-analyzer",
        "type": "github"
      }
    },
    "systems": {
      "locked": {
        "lastModified": 1681028828,
        "narHash": "sha256-Vy1rq5AaRuLzOxct8nz4T6wlgyUR7zLU309k9mBC768=",
        "owner": "nix-systems",
        "repo": "default",
        "rev": "da67096a3b9bf56a91d16901293e51ba5b49a27e",
        "type": "github"
      },
      "original": {
        "owner": "nix-systems",
        "repo": "default",
        "type": "github"
      }
    },
    "systems_2": {
      "locked": {
        "lastModified": 1681028828,
        "narHash": "sha256-Vy1rq5AaRuLzOxct8nz4T6wlgyUR7zLU309k9mBC768=",
        "owner": "nix-systems",
        "repo": "default",
        "rev": "da67096a3b9bf56a91d16901293e51ba5b49a27e",
        "type": "github"
      },
      "original": {
        "owner": "nix-systems",
        "repo": "default",
        "type": "github"
      }
    },
    "systems_3": {
      "locked": {
        "lastModified": 1681028828,
        "narHash": "sha256-Vy1rq5AaRuLzOxct8nz4T6wlgyUR7zLU309k9mBC768=",
        "owner": "nix-systems",
        "repo": "default",
        "rev": "da67096a3b9bf56a91d16901293e51ba5b49a27e",
        "type": "github"
      },
      "original": {
        "owner": "nix-systems",
        "repo": "default",
        "type": "github"
      }
    }
  },
  "root": "root",
  "version": 7
}
